
Microsoft Visual Studio Solution File, Format Version 12.00
# Visual Studio Version 16
VisualStudioVersion = 16.0.31005.135
MinimumVisualStudioVersion = 10.0.40219.1
Project("{8BC9CEB8-8B4A-11D0-8D11-00A0C91BC942}") = "OOP Lab5.1E", "OOP Lab5.1E.vcxproj", "{FC2AB7DF-0204-4788-80BA-9F9F9D66EB04}"
EndProject
Project("{8BC9CEB8-8B4A-11D0-8D11-00A0C91BC942}") = "UnitTest51E", "..\UnitTest51E\UnitTest51E.vcxproj", "{FBAF1589-C8D1-40E5-9CE2-54D19AE3C1F2}"
EndProject
Global
	GlobalSection(SolutionConfigurationPlatforms) = preSolution
		Debug|x64 = Debug|x64
		Debug|x86 = Debug|x86
		Release|x64 = Release|x64
		Release|x86 = Release|x86
	EndGlobalSection
	GlobalSection(ProjectConfigurationPlatforms) = postSolution
		{FC2AB7DF-0204-4788-80BA-9F9F9D66EB04}.Debug|x64.ActiveCfg = Debug|x64
		{FC2AB7DF-0204-4788-80BA-9F9F9D66EB04}.Debug|x64.Build.0 = Debug|x64
		{FC2AB7DF-0204-4788-80BA-9F9F9D66EB04}.Debug|x86.ActiveCfg = Debug|Win32
		{FC2AB7DF-0204-4788-80BA-9F9F9D66EB04}.Debug|x86.Build.0 = Debug|Win32
		{FC2AB7DF-0204-4788-80BA-9F9F9D66EB04}.Release|x64.ActiveCfg = Release|x64
		{FC2AB7DF-0204-4788-80BA-9F9F9D66EB04}.Release|x64.Build.0 = Release|x64
		{FC2AB7DF-0204-4788-80BA-9F9F9D66EB04}.Release|x86.ActiveCfg = Release|Win32
		{FC2AB7DF-0204-4788-80BA-9F9F9D66EB04}.Release|x86.Build.0 = Release|Win32
		{FBAF1589-C8D1-40E5-9CE2-54D19AE3C1F2}.Debug|x64.ActiveCfg = Debug|x64
		{FBAF1589-C8D1-40E5-9CE2-54D19AE3C1F2}.Debug|x64.Build.0 = Debug|x64
		{FBAF1589-C8D1-40E5-9CE2-54D19AE3C1F2}.Debug|x86.ActiveCfg = Debug|Win32
		{FBAF1589-C8D1-40E5-9CE2-54D19AE3C1F2}.Debug|x86.Build.0 = Debug|Win32
		{FBAF1589-C8D1-40E5-9CE2-54D19AE3C1F2}.Release|x64.ActiveCfg = Release|x64
		{FBAF1589-C8D1-40E5-9CE2-54D19AE3C1F2}.Release|x64.Build.0 = Release|x64
		{FBAF1589-C8D1-40E5-9CE2-54D19AE3C1F2}.Release|x86.ActiveCfg = Release|Win32
		{FBAF1589-C8D1-40E5-9CE2-54D19AE3C1F2}.Release|x86.Build.0 = Release|Win32
	EndGlobalSection
	GlobalSection(SolutionProperties) = preSolution
		HideSolutionNode = FALSE
	EndGlobalSection
	GlobalSection(ExtensibilityGlobals) = postSolution
		SolutionGuid = {B322A398-7F18-4F3A-9CA2-66566FE8DA45}
	EndGlobalSection
EndGlobal
